github.com/adityatelange/hugo-PaperMod v0.0.0-20230723084445-6f29d35d7367 h1:WCokBHUr4vyX5Gm+zq8wvW/oN3uHoZyelLqb+qBmWrA=
github.com/adityatelange/hugo-PaperMod v0.0.0-20230723084445-6f29d35d7367/go.mod h1:HCHxNMKYdGafUYjVV3ICiAqznZK2yH0iI53jqcDFDdQ=
github.com/adityatelange/hugo-PaperMod v0.0.0-20231104103144-72ab73ffe5ba h1:oeWCvDPbqAOBlKZMHZBlvq5VZq6WjT7x7isvkx6jaIU=
github.com/adityatelange/hugo-PaperMod v0.0.0-20231104103144-72ab73ffe5ba/go.mod h1:HCHxNMKYdGafUYjVV3ICiAqznZK2yH0iI53jqcDFDdQ=
